
Microsoft Visual Studio Solution File, Format Version 12.00
# Visual Studio 15
VisualStudioVersion = 15.0.28307.421
MinimumVisualStudioVersion = 10.0.40219.1
Project("{8BC9CEB8-8B4A-11D0-8D11-00A0C91BC942}") = "lesson2", "lesson2\lesson2.vcxproj", "{140B597F-D7C4-4535-97D2-0A8A859BE5EB}"
EndProject
Project("{8BC9CEB8-8B4A-11D0-8D11-00A0C91BC942}") = "lesson3", "lesson3\lesson3.vcxproj", "{B4E203D8-47FE-4648-8B47-2B42D00AE09F}"
EndProject
Project("{8BC9CEB8-8B4A-11D0-8D11-00A0C91BC942}") = "lesson2_2", "lesson2_2\lesson2_2.vcxproj", "{9536584C-7E57-4975-811B-5EF6E63CFC07}"
EndProject
Project("{8BC9CEB8-8B4A-11D0-8D11-00A0C91BC942}") = "get_start_3", "get_start_3\get_start_3.vcxproj", "{69A085F7-F4A3-4B13-BBCF-2264FB218283}"
EndProject
Project("{8BC9CEB8-8B4A-11D0-8D11-00A0C91BC942}") = "D3D9_Direct3D_Basics_L1", "D3D9_Direct3D_Basics_L1\D3D9_Direct3D_Basics_L1.vcxproj", "{53204FA8-1AE8-4A27-8D65-C4EC3B5FD0FB}"
EndProject
Project("{8BC9CEB8-8B4A-11D0-8D11-00A0C91BC942}") = "D3D9_Direct3D_Basics_L4", "D3D9_Direct3D_Basics_L4\D3D9_Direct3D_Basics_L4.vcxproj", "{5A2C578D-2A30-49E4-91C1-5B7041150C63}"
EndProject
Global
	GlobalSection(SolutionConfigurationPlatforms) = preSolution
		Debug|x64 = Debug|x64
		Debug|x86 = Debug|x86
		Release|x64 = Release|x64
		Release|x86 = Release|x86
	EndGlobalSection
	GlobalSection(ProjectConfigurationPlatforms) = postSolution
		{140B597F-D7C4-4535-97D2-0A8A859BE5EB}.Debug|x64.ActiveCfg = Debug|x64
		{140B597F-D7C4-4535-97D2-0A8A859BE5EB}.Debug|x64.Build.0 = Debug|x64
		{140B597F-D7C4-4535-97D2-0A8A859BE5EB}.Debug|x86.ActiveCfg = Debug|Win32
		{140B597F-D7C4-4535-97D2-0A8A859BE5EB}.Debug|x86.Build.0 = Debug|Win32
		{140B597F-D7C4-4535-97D2-0A8A859BE5EB}.Release|x64.ActiveCfg = Release|x64
		{140B597F-D7C4-4535-97D2-0A8A859BE5EB}.Release|x64.Build.0 = Release|x64
		{140B597F-D7C4-4535-97D2-0A8A859BE5EB}.Release|x86.ActiveCfg = Release|Win32
		{140B597F-D7C4-4535-97D2-0A8A859BE5EB}.Release|x86.Build.0 = Release|Win32
		{B4E203D8-47FE-4648-8B47-2B42D00AE09F}.Debug|x64.ActiveCfg = Debug|x64
		{B4E203D8-47FE-4648-8B47-2B42D00AE09F}.Debug|x64.Build.0 = Debug|x64
		{B4E203D8-47FE-4648-8B47-2B42D00AE09F}.Debug|x86.ActiveCfg = Debug|Win32
		{B4E203D8-47FE-4648-8B47-2B42D00AE09F}.Debug|x86.Build.0 = Debug|Win32
		{B4E203D8-47FE-4648-8B47-2B42D00AE09F}.Release|x64.ActiveCfg = Release|x64
		{B4E203D8-47FE-4648-8B47-2B42D00AE09F}.Release|x64.Build.0 = Release|x64
		{B4E203D8-47FE-4648-8B47-2B42D00AE09F}.Release|x86.ActiveCfg = Release|Win32
		{B4E203D8-47FE-4648-8B47-2B42D00AE09F}.Release|x86.Build.0 = Release|Win32
		{9536584C-7E57-4975-811B-5EF6E63CFC07}.Debug|x64.ActiveCfg = Debug|x64
		{9536584C-7E57-4975-811B-5EF6E63CFC07}.Debug|x64.Build.0 = Debug|x64
		{9536584C-7E57-4975-811B-5EF6E63CFC07}.Debug|x86.ActiveCfg = Debug|Win32
		{9536584C-7E57-4975-811B-5EF6E63CFC07}.Debug|x86.Build.0 = Debug|Win32
		{9536584C-7E57-4975-811B-5EF6E63CFC07}.Release|x64.ActiveCfg = Release|x64
		{9536584C-7E57-4975-811B-5EF6E63CFC07}.Release|x64.Build.0 = Release|x64
		{9536584C-7E57-4975-811B-5EF6E63CFC07}.Release|x86.ActiveCfg = Release|Win32
		{9536584C-7E57-4975-811B-5EF6E63CFC07}.Release|x86.Build.0 = Release|Win32
		{69A085F7-F4A3-4B13-BBCF-2264FB218283}.Debug|x64.ActiveCfg = Debug|x64
		{69A085F7-F4A3-4B13-BBCF-2264FB218283}.Debug|x64.Build.0 = Debug|x64
		{69A085F7-F4A3-4B13-BBCF-2264FB218283}.Debug|x86.ActiveCfg = Debug|Win32
		{69A085F7-F4A3-4B13-BBCF-2264FB218283}.Debug|x86.Build.0 = Debug|Win32
		{69A085F7-F4A3-4B13-BBCF-2264FB218283}.Release|x64.ActiveCfg = Release|x64
		{69A085F7-F4A3-4B13-BBCF-2264FB218283}.Release|x64.Build.0 = Release|x64
		{69A085F7-F4A3-4B13-BBCF-2264FB218283}.Release|x86.ActiveCfg = Release|Win32
		{69A085F7-F4A3-4B13-BBCF-2264FB218283}.Release|x86.Build.0 = Release|Win32
		{53204FA8-1AE8-4A27-8D65-C4EC3B5FD0FB}.Debug|x64.ActiveCfg = Debug|x64
		{53204FA8-1AE8-4A27-8D65-C4EC3B5FD0FB}.Debug|x64.Build.0 = Debug|x64
		{53204FA8-1AE8-4A27-8D65-C4EC3B5FD0FB}.Debug|x86.ActiveCfg = Debug|Win32
		{53204FA8-1AE8-4A27-8D65-C4EC3B5FD0FB}.Debug|x86.Build.0 = Debug|Win32
		{53204FA8-1AE8-4A27-8D65-C4EC3B5FD0FB}.Release|x64.ActiveCfg = Release|x64
		{53204FA8-1AE8-4A27-8D65-C4EC3B5FD0FB}.Release|x64.Build.0 = Release|x64
		{53204FA8-1AE8-4A27-8D65-C4EC3B5FD0FB}.Release|x86.ActiveCfg = Release|Win32
		{53204FA8-1AE8-4A27-8D65-C4EC3B5FD0FB}.Release|x86.Build.0 = Release|Win32
		{5A2C578D-2A30-49E4-91C1-5B7041150C63}.Debug|x64.ActiveCfg = Debug|x64
		{5A2C578D-2A30-49E4-91C1-5B7041150C63}.Debug|x64.Build.0 = Debug|x64
		{5A2C578D-2A30-49E4-91C1-5B7041150C63}.Debug|x86.ActiveCfg = Debug|Win32
		{5A2C578D-2A30-49E4-91C1-5B7041150C63}.Debug|x86.Build.0 = Debug|Win32
		{5A2C578D-2A30-49E4-91C1-5B7041150C63}.Release|x64.ActiveCfg = Release|x64
		{5A2C578D-2A30-49E4-91C1-5B7041150C63}.Release|x64.Build.0 = Release|x64
		{5A2C578D-2A30-49E4-91C1-5B7041150C63}.Release|x86.ActiveCfg = Release|Win32
		{5A2C578D-2A30-49E4-91C1-5B7041150C63}.Release|x86.Build.0 = Release|Win32
	EndGlobalSection
	GlobalSection(SolutionProperties) = preSolution
		HideSolutionNode = FALSE
	EndGlobalSection
	GlobalSection(ExtensibilityGlobals) = postSolution
		SolutionGuid = {6196EDCD-5B5F-4192-86B4-586E3A793733}
	EndGlobalSection
EndGlobal
